
Microsoft Visual Studio Solution File, Format Version 12.00
# Visual Studio Version 17
VisualStudioVersion = 17.7.34221.43
MinimumVisualStudioVersion = 10.0.40219.1
Project("{9A19103F-16F7-4668-BE54-9A1E7A4F7556}") = "WeatherApi", "WeatherApi\WeatherApi.csproj", "{43442591-3A30-4B27-A8AE-72BDC340DFDA}"
EndProject
Project("{2150E333-8FDC-42A3-9474-1A3956D46DE8}") = "Solution Items", "Solution Items", "{27A04854-7E41-4ECC-817A-A81AAB99B7F9}"
EndProject
Project("{E53339B2-1760-4266-BCC7-CA923CBCF16C}") = "docker-compose", "docker-compose.dcproj", "{B25259A0-C41D-453B-BFFD-DBA5A0403279}"
EndProject
Global
	GlobalSection(SolutionConfigurationPlatforms) = preSolution
		Debug|Any CPU = Debug|Any CPU
		Release|Any CPU = Release|Any CPU
	EndGlobalSection
	GlobalSection(ProjectConfigurationPlatforms) = postSolution
		{43442591-3A30-4B27-A8AE-72BDC340DFDA}.Debug|Any CPU.ActiveCfg = Debug|Any CPU
		{43442591-3A30-4B27-A8AE-72BDC340DFDA}.Debug|Any CPU.Build.0 = Debug|Any CPU
		{43442591-3A30-4B27-A8AE-72BDC340DFDA}.Release|Any CPU.ActiveCfg = Release|Any CPU
		{43442591-3A30-4B27-A8AE-72BDC340DFDA}.Release|Any CPU.Build.0 = Release|Any CPU
		{B25259A0-C41D-453B-BFFD-DBA5A0403279}.Debug|Any CPU.ActiveCfg = Debug|Any CPU
		{B25259A0-C41D-453B-BFFD-DBA5A0403279}.Debug|Any CPU.Build.0 = Debug|Any CPU
		{B25259A0-C41D-453B-BFFD-DBA5A0403279}.Release|Any CPU.ActiveCfg = Release|Any CPU
		{B25259A0-C41D-453B-BFFD-DBA5A0403279}.Release|Any CPU.Build.0 = Release|Any CPU
	EndGlobalSection
	GlobalSection(SolutionProperties) = preSolution
		HideSolutionNode = FALSE
	EndGlobalSection
	GlobalSection(ExtensibilityGlobals) = postSolution
		SolutionGuid = {BB9CC11C-F02E-4715-9C9F-3244D338AC25}
	EndGlobalSection
EndGlobal
